
Microsoft Visual Studio Solution File, Format Version 12.00
# Visual Studio Version 16
VisualStudioVersion = 16.0.30011.22
MinimumVisualStudioVersion = 10.0.40219.1
Project("{FAE04EC0-301F-11D3-BF4B-00C04F79EFBC}") = "BIMConnector.AddIn", "BIMConnector.AddIn\BIMConnector.AddIn.csproj", "{F38BBF97-96F3-4B7A-887B-79AFEA38F387}"
EndProject
Project("{FAE04EC0-301F-11D3-BF4B-00C04F79EFBC}") = "BIMConnector.UI", "BIMConnector.UI\BIMConnector.UI.csproj", "{A08D75AA-5DF2-4B57-918E-D2F4B2AB7FB8}"
EndProject
Project("{FAE04EC0-301F-11D3-BF4B-00C04F79EFBC}") = "DesktopUI", "..\speckle-sharp\DesktopUI\DesktopUI\DesktopUI.csproj", "{A97C3046-2D55-4C49-AB40-A3C2194B82FA}"
EndProject
Global
	GlobalSection(SolutionConfigurationPlatforms) = preSolution
		Debug (No Build)|Any CPU = Debug (No Build)|Any CPU
		Debug (No Build)|x64 = Debug (No Build)|x64
		Debug (No Build)|x86 = Debug (No Build)|x86
		Debug Protected|Any CPU = Debug Protected|Any CPU
		Debug Protected|x64 = Debug Protected|x64
		Debug Protected|x86 = Debug Protected|x86
		Debug|Any CPU = Debug|Any CPU
		Debug|x64 = Debug|x64
		Debug|x86 = Debug|x86
		Release Protected|Any CPU = Release Protected|Any CPU
		Release Protected|x64 = Release Protected|x64
		Release Protected|x86 = Release Protected|x86
		Release|Any CPU = Release|Any CPU
		Release|x64 = Release|x64
		Release|x86 = Release|x86
	EndGlobalSection
	GlobalSection(ProjectConfigurationPlatforms) = postSolution
		{F38BBF97-96F3-4B7A-887B-79AFEA38F387}.Debug (No Build)|Any CPU.ActiveCfg = Debug|Any CPU
		{F38BBF97-96F3-4B7A-887B-79AFEA38F387}.Debug (No Build)|Any CPU.Build.0 = Debug|Any CPU
		{F38BBF97-96F3-4B7A-887B-79AFEA38F387}.Debug (No Build)|x64.ActiveCfg = Debug|x64
		{F38BBF97-96F3-4B7A-887B-79AFEA38F387}.Debug (No Build)|x64.Build.0 = Debug|x64
		{F38BBF97-96F3-4B7A-887B-79AFEA38F387}.Debug (No Build)|x86.ActiveCfg = Debug|Any CPU
		{F38BBF97-96F3-4B7A-887B-79AFEA38F387}.Debug (No Build)|x86.Build.0 = Debug|Any CPU
		{F38BBF97-96F3-4B7A-887B-79AFEA38F387}.Debug Protected|Any CPU.ActiveCfg = Debug|Any CPU
		{F38BBF97-96F3-4B7A-887B-79AFEA38F387}.Debug Protected|Any CPU.Build.0 = Debug|Any CPU
		{F38BBF97-96F3-4B7A-887B-79AFEA38F387}.Debug Protected|x64.ActiveCfg = Debug|x64
		{F38BBF97-96F3-4B7A-887B-79AFEA38F387}.Debug Protected|x64.Build.0 = Debug|x64
		{F38BBF97-96F3-4B7A-887B-79AFEA38F387}.Debug Protected|x86.ActiveCfg = Debug|Any CPU
		{F38BBF97-96F3-4B7A-887B-79AFEA38F387}.Debug Protected|x86.Build.0 = Debug|Any CPU
		{F38BBF97-96F3-4B7A-887B-79AFEA38F387}.Debug|Any CPU.ActiveCfg = Debug|Any CPU
		{F38BBF97-96F3-4B7A-887B-79AFEA38F387}.Debug|Any CPU.Build.0 = Debug|Any CPU
		{F38BBF97-96F3-4B7A-887B-79AFEA38F387}.Debug|x64.ActiveCfg = Debug|x64
		{F38BBF97-96F3-4B7A-887B-79AFEA38F387}.Debug|x64.Build.0 = Debug|x64
		{F38BBF97-96F3-4B7A-887B-79AFEA38F387}.Debug|x86.ActiveCfg = Debug|Any CPU
		{F38BBF97-96F3-4B7A-887B-79AFEA38F387}.Debug|x86.Build.0 = Debug|Any CPU
		{F38BBF97-96F3-4B7A-887B-79AFEA38F387}.Release Protected|Any CPU.ActiveCfg = Release|Any CPU
		{F38BBF97-96F3-4B7A-887B-79AFEA38F387}.Release Protected|Any CPU.Build.0 = Release|Any CPU
		{F38BBF97-96F3-4B7A-887B-79AFEA38F387}.Release Protected|x64.ActiveCfg = Release|x64
		{F38BBF97-96F3-4B7A-887B-79AFEA38F387}.Release Protected|x64.Build.0 = Release|x64
		{F38BBF97-96F3-4B7A-887B-79AFEA38F387}.Release Protected|x86.ActiveCfg = Release|Any CPU
		{F38BBF97-96F3-4B7A-887B-79AFEA38F387}.Release Protected|x86.Build.0 = Release|Any CPU
		{F38BBF97-96F3-4B7A-887B-79AFEA38F387}.Release|Any CPU.ActiveCfg = Release|Any CPU
		{F38BBF97-96F3-4B7A-887B-79AFEA38F387}.Release|Any CPU.Build.0 = Release|Any CPU
		{F38BBF97-96F3-4B7A-887B-79AFEA38F387}.Release|x64.ActiveCfg = Release|x64
		{F38BBF97-96F3-4B7A-887B-79AFEA38F387}.Release|x64.Build.0 = Release|x64
		{F38BBF97-96F3-4B7A-887B-79AFEA38F387}.Release|x86.ActiveCfg = Release|Any CPU
		{F38BBF97-96F3-4B7A-887B-79AFEA38F387}.Release|x86.Build.0 = Release|Any CPU
		{A08D75AA-5DF2-4B57-918E-D2F4B2AB7FB8}.Debug (No Build)|Any CPU.ActiveCfg = Debug|Any CPU
		{A08D75AA-5DF2-4B57-918E-D2F4B2AB7FB8}.Debug (No Build)|Any CPU.Build.0 = Debug|Any CPU
		{A08D75AA-5DF2-4B57-918E-D2F4B2AB7FB8}.Debug (No Build)|x64.ActiveCfg = Debug|x64
		{A08D75AA-5DF2-4B57-918E-D2F4B2AB7FB8}.Debug (No Build)|x64.Build.0 = Debug|x64
		{A08D75AA-5DF2-4B57-918E-D2F4B2AB7FB8}.Debug (No Build)|x86.ActiveCfg = Debug|Any CPU
		{A08D75AA-5DF2-4B57-918E-D2F4B2AB7FB8}.Debug (No Build)|x86.Build.0 = Debug|Any CPU
		{A08D75AA-5DF2-4B57-918E-D2F4B2AB7FB8}.Debug Protected|Any CPU.ActiveCfg = Debug|Any CPU
		{A08D75AA-5DF2-4B57-918E-D2F4B2AB7FB8}.Debug Protected|Any CPU.Build.0 = Debug|Any CPU
		{A08D75AA-5DF2-4B57-918E-D2F4B2AB7FB8}.Debug Protected|x64.ActiveCfg = Debug|x64
		{A08D75AA-5DF2-4B57-918E-D2F4B2AB7FB8}.Debug Protected|x64.Build.0 = Debug|x64
		{A08D75AA-5DF2-4B57-918E-D2F4B2AB7FB8}.Debug Protected|x86.ActiveCfg = Debug|Any CPU
		{A08D75AA-5DF2-4B57-918E-D2F4B2AB7FB8}.Debug Protected|x86.Build.0 = Debug|Any CPU
		{A08D75AA-5DF2-4B57-918E-D2F4B2AB7FB8}.Debug|Any CPU.ActiveCfg = Debug|Any CPU
		{A08D75AA-5DF2-4B57-918E-D2F4B2AB7FB8}.Debug|Any CPU.Build.0 = Debug|Any CPU
		{A08D75AA-5DF2-4B57-918E-D2F4B2AB7FB8}.Debug|x64.ActiveCfg = Debug|x64
		{A08D75AA-5DF2-4B57-918E-D2F4B2AB7FB8}.Debug|x64.Build.0 = Debug|x64
		{A08D75AA-5DF2-4B57-918E-D2F4B2AB7FB8}.Debug|x86.ActiveCfg = Debug|Any CPU
		{A08D75AA-5DF2-4B57-918E-D2F4B2AB7FB8}.Debug|x86.Build.0 = Debug|Any CPU
		{A08D75AA-5DF2-4B57-918E-D2F4B2AB7FB8}.Release Protected|Any CPU.ActiveCfg = Release|Any CPU
		{A08D75AA-5DF2-4B57-918E-D2F4B2AB7FB8}.Release Protected|Any CPU.Build.0 = Release|Any CPU
		{A08D75AA-5DF2-4B57-918E-D2F4B2AB7FB8}.Release Protected|x64.ActiveCfg = Release|x64
		{A08D75AA-5DF2-4B57-918E-D2F4B2AB7FB8}.Release Protected|x64.Build.0 = Release|x64
		{A08D75AA-5DF2-4B57-918E-D2F4B2AB7FB8}.Release Protected|x86.ActiveCfg = Release|Any CPU
		{A08D75AA-5DF2-4B57-918E-D2F4B2AB7FB8}.Release Protected|x86.Build.0 = Release|Any CPU
		{A08D75AA-5DF2-4B57-918E-D2F4B2AB7FB8}.Release|Any CPU.ActiveCfg = Release|Any CPU
		{A08D75AA-5DF2-4B57-918E-D2F4B2AB7FB8}.Release|Any CPU.Build.0 = Release|Any CPU
		{A08D75AA-5DF2-4B57-918E-D2F4B2AB7FB8}.Release|x64.ActiveCfg = Release|x64
		{A08D75AA-5DF2-4B57-918E-D2F4B2AB7FB8}.Release|x64.Build.0 = Release|x64
		{A08D75AA-5DF2-4B57-918E-D2F4B2AB7FB8}.Release|x86.ActiveCfg = Release|Any CPU
		{A08D75AA-5DF2-4B57-918E-D2F4B2AB7FB8}.Release|x86.Build.0 = Release|Any CPU
		{A97C3046-2D55-4C49-AB40-A3C2194B82FA}.Debug (No Build)|Any CPU.ActiveCfg = Debug|Any CPU
		{A97C3046-2D55-4C49-AB40-A3C2194B82FA}.Debug (No Build)|Any CPU.Build.0 = Debug|Any CPU
		{A97C3046-2D55-4C49-AB40-A3C2194B82FA}.Debug (No Build)|x64.ActiveCfg = Debug|x64
		{A97C3046-2D55-4C49-AB40-A3C2194B82FA}.Debug (No Build)|x64.Build.0 = Debug|x64
		{A97C3046-2D55-4C49-AB40-A3C2194B82FA}.Debug (No Build)|x86.ActiveCfg = Debug|Any CPU
		{A97C3046-2D55-4C49-AB40-A3C2194B82FA}.Debug (No Build)|x86.Build.0 = Debug|Any CPU
		{A97C3046-2D55-4C49-AB40-A3C2194B82FA}.Debug Protected|Any CPU.ActiveCfg = Debug|Any CPU
		{A97C3046-2D55-4C49-AB40-A3C2194B82FA}.Debug Protected|Any CPU.Build.0 = Debug|Any CPU
		{A97C3046-2D55-4C49-AB40-A3C2194B82FA}.Debug Protected|x64.ActiveCfg = Debug|x64
		{A97C3046-2D55-4C49-AB40-A3C2194B82FA}.Debug Protected|x64.Build.0 = Debug|x64
		{A97C3046-2D55-4C49-AB40-A3C2194B82FA}.Debug Protected|x86.ActiveCfg = Debug|Any CPU
		{A97C3046-2D55-4C49-AB40-A3C2194B82FA}.Debug Protected|x86.Build.0 = Debug|Any CPU
		{A97C3046-2D55-4C49-AB40-A3C2194B82FA}.Debug|Any CPU.ActiveCfg = Debug|Any CPU
		{A97C3046-2D55-4C49-AB40-A3C2194B82FA}.Debug|Any CPU.Build.0 = Debug|Any CPU
		{A97C3046-2D55-4C49-AB40-A3C2194B82FA}.Debug|x64.ActiveCfg = Debug|x64
		{A97C3046-2D55-4C49-AB40-A3C2194B82FA}.Debug|x64.Build.0 = Debug|x64
		{A97C3046-2D55-4C49-AB40-A3C2194B82FA}.Debug|x86.ActiveCfg = Debug|Any CPU
		{A97C3046-2D55-4C49-AB40-A3C2194B82FA}.Debug|x86.Build.0 = Debug|Any CPU
		{A97C3046-2D55-4C49-AB40-A3C2194B82FA}.Release Protected|Any CPU.ActiveCfg = Release|Any CPU
		{A97C3046-2D55-4C49-AB40-A3C2194B82FA}.Release Protected|Any CPU.Build.0 = Release|Any CPU
		{A97C3046-2D55-4C49-AB40-A3C2194B82FA}.Release Protected|x64.ActiveCfg = Release|x64
		{A97C3046-2D55-4C49-AB40-A3C2194B82FA}.Release Protected|x64.Build.0 = Release|x64
		{A97C3046-2D55-4C49-AB40-A3C2194B82FA}.Release Protected|x86.ActiveCfg = Release|Any CPU
		{A97C3046-2D55-4C49-AB40-A3C2194B82FA}.Release Protected|x86.Build.0 = Release|Any CPU
		{A97C3046-2D55-4C49-AB40-A3C2194B82FA}.Release|Any CPU.ActiveCfg = Release|Any CPU
		{A97C3046-2D55-4C49-AB40-A3C2194B82FA}.Release|Any CPU.Build.0 = Release|Any CPU
		{A97C3046-2D55-4C49-AB40-A3C2194B82FA}.Release|x64.ActiveCfg = Release|x64
		{A97C3046-2D55-4C49-AB40-A3C2194B82FA}.Release|x64.Build.0 = Release|x64
		{A97C3046-2D55-4C49-AB40-A3C2194B82FA}.Release|x86.ActiveCfg = Release|Any CPU
		{A97C3046-2D55-4C49-AB40-A3C2194B82FA}.Release|x86.Build.0 = Release|Any CPU
	EndGlobalSection
	GlobalSection(SolutionProperties) = preSolution
		HideSolutionNode = FALSE
	EndGlobalSection
	GlobalSection(ExtensibilityGlobals) = postSolution
		SolutionGuid = {6193AC99-1AB8-4F06-9278-3A08AE32C57E}
	EndGlobalSection
EndGlobal
